// !$*UTF8*$!
{
	archiveVersion = 1;
	classes = {
	};
	objectVersion = 56;
	objects = {

/* Begin PBXBuildFile section */
		E4747C2B2C7A6EE100F97BCE /* CodeChallengeApp.swift in Sources */ = {isa = PBXBuildFile; fileRef = E4747C2A2C7A6EE100F97BCE /* CodeChallengeApp.swift */; };
		E4747C2F2C7A6EE200F97BCE /* Assets.xcassets in Resources */ = {isa = PBXBuildFile; fileRef = E4747C2E2C7A6EE200F97BCE /* Assets.xcassets */; };
		E4747C322C7A6EE200F97BCE /* Preview Assets.xcassets in Resources */ = {isa = PBXBuildFile; fileRef = E4747C312C7A6EE200F97BCE /* Preview Assets.xcassets */; };
		E4747C3C2C7A6EE200F97BCE /* CodeChallengeTests.swift in Sources */ = {isa = PBXBuildFile; fileRef = E4747C3B2C7A6EE200F97BCE /* CodeChallengeTests.swift */; };
		E4747C462C7A6EE200F97BCE /* CodeChallengeUITests.swift in Sources */ = {isa = PBXBuildFile; fileRef = E4747C452C7A6EE200F97BCE /* CodeChallengeUITests.swift */; };
		E4747C482C7A6EE200F97BCE /* CodeChallengeUITestsLaunchTests.swift in Sources */ = {isa = PBXBuildFile; fileRef = E4747C472C7A6EE200F97BCE /* CodeChallengeUITestsLaunchTests.swift */; };
		E4747C552C7A6EFB00F97BCE /* README.md in Resources */ = {isa = PBXBuildFile; fileRef = E4747C542C7A6EFB00F97BCE /* README.md */; };
		E4747C582C7A6F1800F97BCE /* Utility.swift in Sources */ = {isa = PBXBuildFile; fileRef = E4747C562C7A6F1800F97BCE /* Utility.swift */; };
		E4747C592C7A6F1800F97BCE /* CCConstants.swift in Sources */ = {isa = PBXBuildFile; fileRef = E4747C572C7A6F1800F97BCE /* CCConstants.swift */; };
		E4747C6B2C7A6F3000F97BCE /* FullImageView.swift in Sources */ = {isa = PBXBuildFile; fileRef = E4747C5B2C7A6F2E00F97BCE /* FullImageView.swift */; };
		E4747C6C2C7A6F3000F97BCE /* ImageView.swift in Sources */ = {isa = PBXBuildFile; fileRef = E4747C5C2C7A6F2E00F97BCE /* ImageView.swift */; };
		E4747C6D2C7A6F3000F97BCE /* Intent.swift in Sources */ = {isa = PBXBuildFile; fileRef = E4747C5E2C7A6F2E00F97BCE /* Intent.swift */; };
		E4747C6F2C7A6F3000F97BCE /* Model.swift in Sources */ = {isa = PBXBuildFile; fileRef = E4747C612C7A6F2F00F97BCE /* Model.swift */; };
		E4747C702C7A6F3000F97BCE /* CCHTTPClient.swift in Sources */ = {isa = PBXBuildFile; fileRef = E4747C632C7A6F2F00F97BCE /* CCHTTPClient.swift */; };
		E4747C742C7A6F3000F97BCE /* CCFlickr.swift in Sources */ = {isa = PBXBuildFile; fileRef = E4747C682C7A6F3000F97BCE /* CCFlickr.swift */; };
/* End PBXBuildFile section */

/* Begin PBXContainerItemProxy section */
		E4747C382C7A6EE200F97BCE /* PBXContainerItemProxy */ = {
			isa = PBXContainerItemProxy;
			containerPortal = E4747C1F2C7A6EE100F97BCE /* Project object */;
			proxyType = 1;
			remoteGlobalIDString = E4747C262C7A6EE100F97BCE;
			remoteInfo = CodeChallenge;
		};
		E4747C422C7A6EE200F97BCE /* PBXContainerItemProxy */ = {
			isa = PBXContainerItemProxy;
			containerPortal = E4747C1F2C7A6EE100F97BCE /* Project object */;
			proxyType = 1;
			remoteGlobalIDString = E4747C262C7A6EE100F97BCE;
			remoteInfo = CodeChallenge;
		};
/* End PBXContainerItemProxy section */

/* Begin PBXFileReference section */
		E4747C272C7A6EE100F97BCE /* CodeChallenge.app */ = {isa = PBXFileReference; explicitFileType = wrapper.application; includeInIndex = 0; path = CodeChallenge.app; sourceTree = BUILT_PRODUCTS_DIR; };
		E4747C2A2C7A6EE100F97BCE /* CodeChallengeApp.swift */ = {isa = PBXFileReference; lastKnownFileType = sourcecode.swift; path = CodeChallengeApp.swift; sourceTree = "<group>"; };
		E4747C2E2C7A6EE200F97BCE /* Assets.xcassets */ = {isa = PBXFileReference; lastKnownFileType = folder.assetcatalog; path = Assets.xcassets; sourceTree = "<group>"; };
		E4747C312C7A6EE200F97BCE /* Preview Assets.xcassets */ = {isa = PBXFileReference; lastKnownFileType = folder.assetcatalog; path = "Preview Assets.xcassets"; sourceTree = "<group>"; };
		E4747C372C7A6EE200F97BCE /* CodeChallengeTests.xctest */ = {isa = PBXFileReference; explicitFileType = wrapper.cfbundle; includeInIndex = 0; path = CodeChallengeTests.xctest; sourceTree = BUILT_PRODUCTS_DIR; };
		E4747C3B2C7A6EE200F97BCE /* CodeChallengeTests.swift */ = {isa = PBXFileReference; lastKnownFileType = sourcecode.swift; path = CodeChallengeTests.swift; sourceTree = "<group>"; };
		E4747C412C7A6EE200F97BCE /* CodeChallengeUITests.xctest */ = {isa = PBXFileReference; explicitFileType = wrapper.cfbundle; includeInIndex = 0; path = CodeChallengeUITests.xctest; sourceTree = BUILT_PRODUCTS_DIR; };
		E4747C452C7A6EE200F97BCE /* CodeChallengeUITests.swift */ = {isa = PBXFileReference; lastKnownFileType = sourcecode.swift; path = CodeChallengeUITests.swift; sourceTree = "<group>"; };
		E4747C472C7A6EE200F97BCE /* CodeChallengeUITestsLaunchTests.swift */ = {isa = PBXFileReference; lastKnownFileType = sourcecode.swift; path = CodeChallengeUITestsLaunchTests.swift; sourceTree = "<group>"; };
		E4747C542C7A6EFB00F97BCE /* README.md */ = {isa = PBXFileReference; fileEncoding = 4; lastKnownFileType = net.daringfireball.markdown; path = README.md; sourceTree = "<group>"; };
		E4747C562C7A6F1800F97BCE /* Utility.swift */ = {isa = PBXFileReference; fileEncoding = 4; lastKnownFileType = sourcecode.swift; path = Utility.swift; sourceTree = "<group>"; };
		E4747C572C7A6F1800F97BCE /* CCConstants.swift */ = {isa = PBXFileReference; fileEncoding = 4; lastKnownFileType = sourcecode.swift; path = CCConstants.swift; sourceTree = "<group>"; };
		E4747C5B2C7A6F2E00F97BCE /* FullImageView.swift */ = {isa = PBXFileReference; fileEncoding = 4; lastKnownFileType = sourcecode.swift; path = FullImageView.swift; sourceTree = "<group>"; };
		E4747C5C2C7A6F2E00F97BCE /* ImageView.swift */ = {isa = PBXFileReference; fileEncoding = 4; lastKnownFileType = sourcecode.swift; path = ImageView.swift; sourceTree = "<group>"; };
		E4747C5E2C7A6F2E00F97BCE /* Intent.swift */ = {isa = PBXFileReference; fileEncoding = 4; lastKnownFileType = sourcecode.swift; path = Intent.swift; sourceTree = "<group>"; };
		E4747C612C7A6F2F00F97BCE /* Model.swift */ = {isa = PBXFileReference; fileEncoding = 4; lastKnownFileType = sourcecode.swift; path = Model.swift; sourceTree = "<group>"; };
		E4747C632C7A6F2F00F97BCE /* CCHTTPClient.swift */ = {isa = PBXFileReference; fileEncoding = 4; lastKnownFileType = sourcecode.swift; path = CCHTTPClient.swift; sourceTree = "<group>"; };
		E4747C682C7A6F3000F97BCE /* CCFlickr.swift */ = {isa = PBXFileReference; fileEncoding = 4; lastKnownFileType = sourcecode.swift; path = CCFlickr.swift; sourceTree = "<group>"; };
/* End PBXFileReference section */

/* Begin PBXFrameworksBuildPhase section */
		E4747C242C7A6EE100F97BCE /* Frameworks */ = {
			isa = PBXFrameworksBuildPhase;
			buildActionMask = 2147483647;
			files = (
			);
			runOnlyForDeploymentPostprocessing = 0;
		};
		E4747C342C7A6EE200F97BCE /* Frameworks */ = {
			isa = PBXFrameworksBuildPhase;
			buildActionMask = 2147483647;
			files = (
			);
			runOnlyForDeploymentPostprocessing = 0;
		};
		E4747C3E2C7A6EE200F97BCE /* Frameworks */ = {
			isa = PBXFrameworksBuildPhase;
			buildActionMask = 2147483647;
			files = (
			);
			runOnlyForDeploymentPostprocessing = 0;
		};
/* End PBXFrameworksBuildPhase section */

/* Begin PBXGroup section */
		E4747C1E2C7A6EE100F97BCE = {
			isa = PBXGroup;
			children = (
				E4747C292C7A6EE100F97BCE /* CodeChallenge */,
				E4747C3A2C7A6EE200F97BCE /* CodeChallengeTests */,
				E4747C442C7A6EE200F97BCE /* CodeChallengeUITests */,
				E4747C282C7A6EE100F97BCE /* Products */,
			);
			sourceTree = "<group>";
		};
		E4747C282C7A6EE100F97BCE /* Products */ = {
			isa = PBXGroup;
			children = (
				E4747C272C7A6EE100F97BCE /* CodeChallenge.app */,
				E4747C372C7A6EE200F97BCE /* CodeChallengeTests.xctest */,
				E4747C412C7A6EE200F97BCE /* CodeChallengeUITests.xctest */,
			);
			name = Products;
			sourceTree = "<group>";
		};
		E4747C292C7A6EE100F97BCE /* CodeChallenge */ = {
			isa = PBXGroup;
			children = (
				E4747C542C7A6EFB00F97BCE /* README.md */,
				E4747C692C7A6F3000F97BCE /* CCDataModels */,
				E4747C642C7A6F2F00F97BCE /* CCHTTPClient */,
				E4747C5F2C7A6F2E00F97BCE /* CCIntent */,
				E4747C622C7A6F2F00F97BCE /* CCViewModels */,
				E4747C5D2C7A6F2E00F97BCE /* CCViews */,
				E4747C2E2C7A6EE200F97BCE /* Assets.xcassets */,
				E4747C572C7A6F1800F97BCE /* CCConstants.swift */,
				E4747C562C7A6F1800F97BCE /* Utility.swift */,
				E4747C302C7A6EE200F97BCE /* Preview Content */,
			);
			path = CodeChallenge;
			sourceTree = "<group>";
		};
		E4747C302C7A6EE200F97BCE /* Preview Content */ = {
			isa = PBXGroup;
			children = (
				E4747C312C7A6EE200F97BCE /* Preview Assets.xcassets */,
			);
			path = "Preview Content";
			sourceTree = "<group>";
		};
		E4747C3A2C7A6EE200F97BCE /* CodeChallengeTests */ = {
			isa = PBXGroup;
			children = (
				E4747C3B2C7A6EE200F97BCE /* CodeChallengeTests.swift */,
			);
			path = CodeChallengeTests;
			sourceTree = "<group>";
		};
		E4747C442C7A6EE200F97BCE /* CodeChallengeUITests */ = {
			isa = PBXGroup;
			children = (
				E4747C452C7A6EE200F97BCE /* CodeChallengeUITests.swift */,
				E4747C472C7A6EE200F97BCE /* CodeChallengeUITestsLaunchTests.swift */,
			);
			path = CodeChallengeUITests;
			sourceTree = "<group>";
		};
		E4747C5D2C7A6F2E00F97BCE /* CCViews */ = {
			isa = PBXGroup;
			children = (
				E4747C5B2C7A6F2E00F97BCE /* FullImageView.swift */,
				E4747C2A2C7A6EE100F97BCE /* CodeChallengeApp.swift */,
				E4747C5C2C7A6F2E00F97BCE /* ImageView.swift */,
			);
			path = CCViews;
			sourceTree = "<group>";
		};
		E4747C5F2C7A6F2E00F97BCE /* CCIntent */ = {
			isa = PBXGroup;
			children = (
				E4747C5E2C7A6F2E00F97BCE /* Intent.swift */,
			);
			path = CCIntent;
			sourceTree = "<group>";
		};
		E4747C622C7A6F2F00F97BCE /* CCViewModels */ = {
			isa = PBXGroup;
			children = (
				E4747C612C7A6F2F00F97BCE /* Model.swift */,
			);
			path = CCViewModels;
			sourceTree = "<group>";
		};
		E4747C642C7A6F2F00F97BCE /* CCHTTPClient */ = {
			isa = PBXGroup;
			children = (
				E4747C632C7A6F2F00F97BCE /* CCHTTPClient.swift */,
			);
			path = CCHTTPClient;
			sourceTree = "<group>";
		};
		E4747C692C7A6F3000F97BCE /* CCDataModels */ = {
			isa = PBXGroup;
			children = (
				E4747C682C7A6F3000F97BCE /* CCFlickr.swift */,
			);
			path = CCDataModels;
			sourceTree = "<group>";
		};
/* End PBXGroup section */

/* Begin PBXNativeTarget section */
		E4747C262C7A6EE100F97BCE /* CodeChallenge */ = {
			isa = PBXNativeTarget;
			buildConfigurationList = E4747C4B2C7A6EE200F97BCE /* Build configuration list for PBXNativeTarget "CodeChallenge" */;
			buildPhases = (
				E4747C232C7A6EE100F97BCE /* Sources */,
				E4747C242C7A6EE100F97BCE /* Frameworks */,
				E4747C252C7A6EE100F97BCE /* Resources */,
			);
			buildRules = (
			);
			dependencies = (
			);
			name = CodeChallenge;
			productName = CodeChallenge;
			productReference = E4747C272C7A6EE100F97BCE /* CodeChallenge.app */;
			productType = "com.apple.product-type.application";
		};
		E4747C362C7A6EE200F97BCE /* CodeChallengeTests */ = {
			isa = PBXNativeTarget;
			buildConfigurationList = E4747C4E2C7A6EE200F97BCE /* Build configuration list for PBXNativeTarget "CodeChallengeTests" */;
			buildPhases = (
				E4747C332C7A6EE200F97BCE /* Sources */,
				E4747C342C7A6EE200F97BCE /* Frameworks */,
				E4747C352C7A6EE200F97BCE /* Resources */,
			);
			buildRules = (
			);
			dependencies = (
				E4747C392C7A6EE200F97BCE /* PBXTargetDependency */,
			);
			name = CodeChallengeTests;
			productName = CodeChallengeTests;
			productReference = E4747C372C7A6EE200F97BCE /* CodeChallengeTests.xctest */;
			productType = "com.apple.product-type.bundle.unit-test";
		};
		E4747C402C7A6EE200F97BCE /* CodeChallengeUITests */ = {
			isa = PBXNativeTarget;
			buildConfigurationList = E4747C512C7A6EE200F97BCE /* Build configuration list for PBXNativeTarget "CodeChallengeUITests" */;
			buildPhases = (
				E4747C3D2C7A6EE200F97BCE /* Sources */,
				E4747C3E2C7A6EE200F97BCE /* Frameworks */,
				E4747C3F2C7A6EE200F97BCE /* Resources */,
			);
			buildRules = (
			);
			dependencies = (
				E4747C432C7A6EE200F97BCE /* PBXTargetDependency */,
			);
			name = CodeChallengeUITests;
			productName = CodeChallengeUITests;
			productReference = E4747C412C7A6EE200F97BCE /* CodeChallengeUITests.xctest */;
			productType = "com.apple.product-type.bundle.ui-testing";
		};
/* End PBXNativeTarget section */

/* Begin PBXProject section */
		E4747C1F2C7A6EE100F97BCE /* Project object */ = {
			isa = PBXProject;
			attributes = {
				BuildIndependentTargetsInParallel = 1;
				LastSwiftUpdateCheck = 1530;
				LastUpgradeCheck = 1530;
				TargetAttributes = {
					E4747C262C7A6EE100F97BCE = {
						CreatedOnToolsVersion = 15.3;
					};
					E4747C362C7A6EE200F97BCE = {
						CreatedOnToolsVersion = 15.3;
						TestTargetID = E4747C262C7A6EE100F97BCE;
					};
					E4747C402C7A6EE200F97BCE = {
						CreatedOnToolsVersion = 15.3;
						TestTargetID = E4747C262C7A6EE100F97BCE;
					};
				};
			};
			buildConfigurationList = E4747C222C7A6EE100F97BCE /* Build configuration list for PBXProject "CodeChallenge" */;
			compatibilityVersion = "Xcode 14.0";
			developmentRegion = en;
			hasScannedForEncodings = 0;
			knownRegions = (
				en,
				Base,
			);
			mainGroup = E4747C1E2C7A6EE100F97BCE;
			productRefGroup = E4747C282C7A6EE100F97BCE /* Products */;
			projectDirPath = "";
			projectRoot = "";
			targets = (
				E4747C262C7A6EE100F97BCE /* CodeChallenge */,
				E4747C362C7A6EE200F97BCE /* CodeChallengeTests */,
				E4747C402C7A6EE200F97BCE /* CodeChallengeUITests */,
			);
		};
/* End PBXProject section */

/* Begin PBXResourcesBuildPhase section */
		E4747C252C7A6EE100F97BCE /* Resources */ = {
			isa = PBXResourcesBuildPhase;
			buildActionMask = 2147483647;
			files = (
				E4747C552C7A6EFB00F97BCE /* README.md in Resources */,
				E4747C322C7A6EE200F97BCE /* Preview Assets.xcassets in Resources */,
				E4747C2F2C7A6EE200F97BCE /* Assets.xcassets in Resources */,
			);
			runOnlyForDeploymentPostprocessing = 0;
		};
		E4747C352C7A6EE200F97BCE /* Resources */ = {
			isa = PBXResourcesBuildPhase;
			buildActionMask = 2147483647;
			files = (
			);
			runOnlyForDeploymentPostprocessing = 0;
		};
		E4747C3F2C7A6EE200F97BCE /* Resources */ = {
			isa = PBXResourcesBuildPhase;
			buildActionMask = 2147483647;
			files = (
			);
			runOnlyForDeploymentPostprocessing = 0;
		};
/* End PBXResourcesBuildPhase section */

/* Begin PBXSourcesBuildPhase section */
		E4747C232C7A6EE100F97BCE /* Sources */ = {
			isa = PBXSourcesBuildPhase;
			buildActionMask = 2147483647;
			files = (
				E4747C6F2C7A6F3000F97BCE /* Model.swift in Sources */,
				E4747C6C2C7A6F3000F97BCE /* ImageView.swift in Sources */,
				E4747C742C7A6F3000F97BCE /* CCFlickr.swift in Sources */,
				E4747C702C7A6F3000F97BCE /* CCHTTPClient.swift in Sources */,
				E4747C2B2C7A6EE100F97BCE /* CodeChallengeApp.swift in Sources */,
				E4747C6D2C7A6F3000F97BCE /* Intent.swift in Sources */,
				E4747C582C7A6F1800F97BCE /* Utility.swift in Sources */,
				E4747C6B2C7A6F3000F97BCE /* FullImageView.swift in Sources */,
				E4747C592C7A6F1800F97BCE /* CCConstants.swift in Sources */,
			);
			runOnlyForDeploymentPostprocessing = 0;
		};
		E4747C332C7A6EE200F97BCE /* Sources */ = {
			isa = PBXSourcesBuildPhase;
			buildActionMask = 2147483647;
			files = (
				E4747C3C2C7A6EE200F97BCE /* CodeChallengeTests.swift in Sources */,
			);
			runOnlyForDeploymentPostprocessing = 0;
		};
		E4747C3D2C7A6EE200F97BCE /* Sources */ = {
			isa = PBXSourcesBuildPhase;
			buildActionMask = 2147483647;
			files = (
				E4747C462C7A6EE200F97BCE /* CodeChallengeUITests.swift in Sources */,
				E4747C482C7A6EE200F97BCE /* CodeChallengeUITestsLaunchTests.swift in Sources */,
			);
			runOnlyForDeploymentPostprocessing = 0;
		};
/* End PBXSourcesBuildPhase section */

/* Begin PBXTargetDependency section */
		E4747C392C7A6EE200F97BCE /* PBXTargetDependency */ = {
			isa = PBXTargetDependency;
			target = E4747C262C7A6EE100F97BCE /* CodeChallenge */;
			targetProxy = E4747C382C7A6EE200F97BCE /* PBXContainerItemProxy */;
		};
		E4747C432C7A6EE200F97BCE /* PBXTargetDependency */ = {
			isa = PBXTargetDependency;
			target = E4747C262C7A6EE100F97BCE /* CodeChallenge */;
			targetProxy = E4747C422C7A6EE200F97BCE /* PBXContainerItemProxy */;
		};
/* End PBXTargetDependency section */

/* Begin XCBuildConfiguration section */
		E4747C492C7A6EE200F97BCE /* Debug */ = {
			isa = XCBuildConfiguration;
			buildSettings = {
				ALWAYS_SEARCH_USER_PATHS = NO;
				ASSETCATALOG_COMPILER_GENERATE_SWIFT_ASSET_SYMBOL_EXTENSIONS = YES;
				CLANG_ANALYZER_NONNULL = YES;
				CLANG_ANALYZER_NUMBER_OBJECT_CONVERSION = YES_AGGRESSIVE;
				CLANG_CXX_LANGUAGE_STANDARD = "gnu++20";
				CLANG_ENABLE_MODULES = YES;
				CLANG_ENABLE_OBJC_ARC = YES;
				CLANG_ENABLE_OBJC_WEAK = YES;
				CLANG_WARN_BLOCK_CAPTURE_AUTORELEASING = YES;
				CLANG_WARN_BOOL_CONVERSION = YES;
				CLANG_WARN_COMMA = YES;
				CLANG_WARN_CONSTANT_CONVERSION = YES;
				CLANG_WARN_DEPRECATED_OBJC_IMPLEMENTATIONS = YES;
				CLANG_WARN_DIRECT_OBJC_ISA_USAGE = YES_ERROR;
				CLANG_WARN_DOCUMENTATION_COMMENTS = YES;
				CLANG_WARN_EMPTY_BODY = YES;
				CLANG_WARN_ENUM_CONVERSION = YES;
				CLANG_WARN_INFINITE_RECURSION = YES;
				CLANG_WARN_INT_CONVERSION = YES;
				CLANG_WARN_NON_LITERAL_NULL_CONVERSION = YES;
				CLANG_WARN_OBJC_IMPLICIT_RETAIN_SELF = YES;
				CLANG_WARN_OBJC_LITERAL_CONVERSION = YES;
				CLANG_WARN_OBJC_ROOT_CLASS = YES_ERROR;
				CLANG_WARN_QUOTED_INCLUDE_IN_FRAMEWORK_HEADER = YES;
				CLANG_WARN_RANGE_LOOP_ANALYSIS = YES;
				CLANG_WARN_STRICT_PROTOTYPES = YES;
				CLANG_WARN_SUSPICIOUS_MOVE = YES;
				CLANG_WARN_UNGUARDED_AVAILABILITY = YES_AGGRESSIVE;
				CLANG_WARN_UNREACHABLE_CODE = YES;
				CLANG_WARN__DUPLICATE_METHOD_MATCH = YES;
				COPY_PHASE_STRIP = NO;
				DEBUG_INFORMATION_FORMAT = dwarf;
				ENABLE_STRICT_OBJC_MSGSEND = YES;
				ENABLE_TESTABILITY = YES;
				ENABLE_USER_SCRIPT_SANDBOXING = YES;
				GCC_C_LANGUAGE_STANDARD = gnu17;
				GCC_DYNAMIC_NO_PIC = NO;
				GCC_NO_COMMON_BLOCKS = YES;
				GCC_OPTIMIZATION_LEVEL = 0;
				GCC_PREPROCESSOR_DEFINITIONS = (
					"DEBUG=1",
					"$(inherited)",
				);
				GCC_WARN_64_TO_32_BIT_CONVERSION = YES;
				GCC_WARN_ABOUT_RETURN_TYPE = YES_ERROR;
				GCC_WARN_UNDECLARED_SELECTOR = YES;
				GCC_WARN_UNINITIALIZED_AUTOS = YES_AGGRESSIVE;
				GCC_WARN_UNUSED_FUNCTION = YES;
				GCC_WARN_UNUSED_VARIABLE = YES;
				IPHONEOS_DEPLOYMENT_TARGET = 17.4;
				LOCALIZATION_PREFERS_STRING_CATALOGS = YES;
				MTL_ENABLE_DEBUG_INFO = INCLUDE_SOURCE;
				MTL_FAST_MATH = YES;
				ONLY_ACTIVE_ARCH = YES;
				SDKROOT = iphoneos;
				SWIFT_ACTIVE_COMPILATION_CONDITIONS = "DEBUG $(inherited)";
				SWIFT_OPTIMIZATION_LEVEL = "-Onone";
			};
			name = Debug;
		};
		E4747C4A2C7A6EE200F97BCE /* Release */ = {
			isa = XCBuildConfiguration;
			buildSettings = {
				ALWAYS_SEARCH_USER_PATHS = NO;
				ASSETCATALOG_COMPILER_GENERATE_SWIFT_ASSET_SYMBOL_EXTENSIONS = YES;
				CLANG_ANALYZER_NONNULL = YES;
				CLANG_ANALYZER_NUMBER_OBJECT_CONVERSION = YES_AGGRESSIVE;
				CLANG_CXX_LANGUAGE_STANDARD = "gnu++20";
				CLANG_ENABLE_MODULES = YES;
				CLANG_ENABLE_OBJC_ARC = YES;
				CLANG_ENABLE_OBJC_WEAK = YES;
				CLANG_WARN_BLOCK_CAPTURE_AUTORELEASING = YES;
				CLANG_WARN_BOOL_CONVERSION = YES;
				CLANG_WARN_COMMA = YES;
				CLANG_WARN_CONSTANT_CONVERSION = YES;
				CLANG_WARN_DEPRECATED_OBJC_IMPLEMENTATIONS = YES;
				CLANG_WARN_DIRECT_OBJC_ISA_USAGE = YES_ERROR;
				CLANG_WARN_DOCUMENTATION_COMMENTS = YES;
				CLANG_WARN_EMPTY_BODY = YES;
				CLANG_WARN_ENUM_CONVERSION = YES;
				CLANG_WARN_INFINITE_RECURSION = YES;
				CLANG_WARN_INT_CONVERSION = YES;
				CLANG_WARN_NON_LITERAL_NULL_CONVERSION = YES;
				CLANG_WARN_OBJC_IMPLICIT_RETAIN_SELF = YES;
				CLANG_WARN_OBJC_LITERAL_CONVERSION = YES;
				CLANG_WARN_OBJC_ROOT_CLASS = YES_ERROR;
				CLANG_WARN_QUOTED_INCLUDE_IN_FRAMEWORK_HEADER = YES;
				CLANG_WARN_RANGE_LOOP_ANALYSIS = YES;
				CLANG_WARN_STRICT_PROTOTYPES = YES;
				CLANG_WARN_SUSPICIOUS_MOVE = YES;
				CLANG_WARN_UNGUARDED_AVAILABILITY = YES_AGGRESSIVE;
				CLANG_WARN_UNREACHABLE_CODE = YES;
				CLANG_WARN__DUPLICATE_METHOD_MATCH = YES;
				COPY_PHASE_STRIP = NO;
				DEBUG_INFORMATION_FORMAT = "dwarf-with-dsym";
				ENABLE_NS_ASSERTIONS = NO;
				ENABLE_STRICT_OBJC_MSGSEND = YES;
				ENABLE_USER_SCRIPT_SANDBOXING = YES;
				GCC_C_LANGUAGE_STANDARD = gnu17;
				GCC_NO_COMMON_BLOCKS = YES;
				GCC_WARN_64_TO_32_BIT_CONVERSION = YES;
				GCC_WARN_ABOUT_RETURN_TYPE = YES_ERROR;
				GCC_WARN_UNDECLARED_SELECTOR = YES;
				GCC_WARN_UNINITIALIZED_AUTOS = YES_AGGRESSIVE;
				GCC_WARN_UNUSED_FUNCTION = YES;
				GCC_WARN_UNUSED_VARIABLE = YES;
				IPHONEOS_DEPLOYMENT_TARGET = 17.4;
				LOCALIZATION_PREFERS_STRING_CATALOGS = YES;
				MTL_ENABLE_DEBUG_INFO = NO;
				MTL_FAST_MATH = YES;
				SDKROOT = iphoneos;
				SWIFT_COMPILATION_MODE = wholemodule;
				VALIDATE_PRODUCT = YES;
			};
			name = Release;
		};
		E4747C4C2C7A6EE200F97BCE /* Debug */ = {
			isa = XCBuildConfiguration;
			buildSettings = {
				ASSETCATALOG_COMPILER_APPICON_NAME = AppIcon;
				ASSETCATALOG_COMPILER_GLOBAL_ACCENT_COLOR_NAME = AccentColor;
				CODE_SIGN_STYLE = Automatic;
				CURRENT_PROJECT_VERSION = 1;
				DEVELOPMENT_ASSET_PATHS = "\"CodeChallenge/Preview Content\"";
				ENABLE_PREVIEWS = YES;
				GENERATE_INFOPLIST_FILE = YES;
				INFOPLIST_KEY_UIApplicationSceneManifest_Generation = YES;
				INFOPLIST_KEY_UIApplicationSupportsIndirectInputEvents = YES;
				INFOPLIST_KEY_UILaunchScreen_Generation = YES;
				INFOPLIST_KEY_UISupportedInterfaceOrientations_iPad = "UIInterfaceOrientationPortrait UIInterfaceOrientationPortraitUpsideDown UIInterfaceOrientationLandscapeLeft UIInterfaceOrientationLandscapeRight";
				INFOPLIST_KEY_UISupportedInterfaceOrientations_iPhone = "UIInterfaceOrientationPortrait UIInterfaceOrientationLandscapeLeft UIInterfaceOrientationLandscapeRight";
				IPHONEOS_DEPLOYMENT_TARGET = 16.0;
				LD_RUNPATH_SEARCH_PATHS = (
					"$(inherited)",
					"@executable_path/Frameworks",
				);
				MARKETING_VERSION = 1.0;
				PRODUCT_BUNDLE_IDENTIFIER = com.globaldata.CodeChallenge;
				PRODUCT_NAME = "$(TARGET_NAME)";
				SWIFT_EMIT_LOC_STRINGS = YES;
				SWIFT_VERSION = 5.0;
				TARGETED_DEVICE_FAMILY = "1,2";
			};
			name = Debug;
		};
		E4747C4D2C7A6EE200F97BCE /* Release */ = {
			isa = XCBuildConfiguration;
			buildSettings = {
				ASSETCATALOG_COMPILER_APPICON_NAME = AppIcon;
				ASSETCATALOG_COMPILER_GLOBAL_ACCENT_COLOR_NAME = AccentColor;
				CODE_SIGN_STYLE = Automatic;
				CURRENT_PROJECT_VERSION = 1;
				DEVELOPMENT_ASSET_PATHS = "\"CodeChallenge/Preview Content\"";
				ENABLE_PREVIEWS = YES;
				GENERATE_INFOPLIST_FILE = YES;
				INFOPLIST_KEY_UIApplicationSceneManifest_Generation = YES;
				INFOPLIST_KEY_UIApplicationSupportsIndirectInputEvents = YES;
				INFOPLIST_KEY_UILaunchScreen_Generation = YES;
				INFOPLIST_KEY_UISupportedInterfaceOrientations_iPad = "UIInterfaceOrientationPortrait UIInterfaceOrientationPortraitUpsideDown UIInterfaceOrientationLandscapeLeft UIInterfaceOrientationLandscapeRight";
				INFOPLIST_KEY_UISupportedInterfaceOrientations_iPhone = "UIInterfaceOrientationPortrait UIInterfaceOrientationLandscapeLeft UIInterfaceOrientationLandscapeRight";
				IPHONEOS_DEPLOYMENT_TARGET = 16.0;
				LD_RUNPATH_SEARCH_PATHS = (
					"$(inherited)",
					"@executable_path/Frameworks",
				);
				MARKETING_VERSION = 1.0;
				PRODUCT_BUNDLE_IDENTIFIER = com.globaldata.CodeChallenge;
				PRODUCT_NAME = "$(TARGET_NAME)";
				SWIFT_EMIT_LOC_STRINGS = YES;
				SWIFT_VERSION = 5.0;
				TARGETED_DEVICE_FAMILY = "1,2";
			};
			name = Release;
		};
		E4747C4F2C7A6EE200F97BCE /* Debug */ = {
			isa = XCBuildConfiguration;
			buildSettings = {
				ALWAYS_EMBED_SWIFT_STANDARD_LIBRARIES = YES;
				BUNDLE_LOADER = "$(TEST_HOST)";
				CODE_SIGN_STYLE = Automatic;
				CURRENT_PROJECT_VERSION = 1;
				GENERATE_INFOPLIST_FILE = YES;
				IPHONEOS_DEPLOYMENT_TARGET = 17.4;
				MARKETING_VERSION = 1.0;
				PRODUCT_BUNDLE_IDENTIFIER = com.globaldata.CodeChallengeTests;
				PRODUCT_NAME = "$(TARGET_NAME)";
				SWIFT_EMIT_LOC_STRINGS = NO;
				SWIFT_VERSION = 5.0;
				TARGETED_DEVICE_FAMILY = "1,2";
				TEST_HOST = "$(BUILT_PRODUCTS_DIR)/CodeChallenge.app/$(BUNDLE_EXECUTABLE_FOLDER_PATH)/CodeChallenge";
			};
			name = Debug;
		};
		E4747C502C7A6EE200F97BCE /* Release */ = {
			isa = XCBuildConfiguration;
			buildSettings = {
				ALWAYS_EMBED_SWIFT_STANDARD_LIBRARIES = YES;
				BUNDLE_LOADER = "$(TEST_HOST)";
				CODE_SIGN_STYLE = Automatic;
				CURRENT_PROJECT_VERSION = 1;
				GENERATE_INFOPLIST_FILE = YES;
				IPHONEOS_DEPLOYMENT_TARGET = 17.4;
				MARKETING_VERSION = 1.0;
				PRODUCT_BUNDLE_IDENTIFIER = com.globaldata.CodeChallengeTests;
				PRODUCT_NAME = "$(TARGET_NAME)";
				SWIFT_EMIT_LOC_STRINGS = NO;
				SWIFT_VERSION = 5.0;
				TARGETED_DEVICE_FAMILY = "1,2";
				TEST_HOST = "$(BUILT_PRODUCTS_DIR)/CodeChallenge.app/$(BUNDLE_EXECUTABLE_FOLDER_PATH)/CodeChallenge";
			};
			name = Release;
		};
		E4747C522C7A6EE200F97BCE /* Debug */ = {
			isa = XCBuildConfiguration;
			buildSettings = {
				ALWAYS_EMBED_SWIFT_STANDARD_LIBRARIES = YES;
				CODE_SIGN_STYLE = Automatic;
				CURRENT_PROJECT_VERSION = 1;
				GENERATE_INFOPLIST_FILE = YES;
				MARKETING_VERSION = 1.0;
				PRODUCT_BUNDLE_IDENTIFIER = com.globaldata.CodeChallengeUITests;
				PRODUCT_NAME = "$(TARGET_NAME)";
				SWIFT_EMIT_LOC_STRINGS = NO;
				SWIFT_VERSION = 5.0;
				TARGETED_DEVICE_FAMILY = "1,2";
				TEST_TARGET_NAME = CodeChallenge;
			};
			name = Debug;
		};
		E4747C532C7A6EE200F97BCE /* Release */ = {
			isa = XCBuildConfiguration;
			buildSettings = {
				ALWAYS_EMBED_SWIFT_STANDARD_LIBRARIES = YES;
				CODE_SIGN_STYLE = Automatic;
				CURRENT_PROJECT_VERSION = 1;
				GENERATE_INFOPLIST_FILE = YES;
				MARKETING_VERSION = 1.0;
				PRODUCT_BUNDLE_IDENTIFIER = com.globaldata.CodeChallengeUITests;
				PRODUCT_NAME = "$(TARGET_NAME)";
				SWIFT_EMIT_LOC_STRINGS = NO;
				SWIFT_VERSION = 5.0;
				TARGETED_DEVICE_FAMILY = "1,2";
				TEST_TARGET_NAME = CodeChallenge;
			};
			name = Release;
		};
/* End XCBuildConfiguration section */

/* Begin XCConfigurationList section */
		E4747C222C7A6EE100F97BCE /* Build configuration list for PBXProject "CodeChallenge" */ = {
			isa = XCConfigurationList;
			buildConfigurations = (
				E4747C492C7A6EE200F97BCE /* Debug */,
				E4747C4A2C7A6EE200F97BCE /* Release */,
			);
			defaultConfigurationIsVisible = 0;
			defaultConfigurationName = Release;
		};
		E4747C4B2C7A6EE200F97BCE /* Build configuration list for PBXNativeTarget "CodeChallenge" */ = {
			isa = XCConfigurationList;
			buildConfigurations = (
				E4747C4C2C7A6EE200F97BCE /* Debug */,
				E4747C4D2C7A6EE200F97BCE /* Release */,
			);
			defaultConfigurationIsVisible = 0;
			defaultConfigurationName = Release;
		};
		E4747C4E2C7A6EE200F97BCE /* Build configuration list for PBXNativeTarget "CodeChallengeTests" */ = {
			isa = XCConfigurationList;
			buildConfigurations = (
				E4747C4F2C7A6EE200F97BCE /* Debug */,
				E4747C502C7A6EE200F97BCE /* Release */,
			);
			defaultConfigurationIsVisible = 0;
			defaultConfigurationName = Release;
		};
		E4747C512C7A6EE200F97BCE /* Build configuration list for PBXNativeTarget "CodeChallengeUITests" */ = {
			isa = XCConfigurationList;
			buildConfigurations = (
				E4747C522C7A6EE200F97BCE /* Debug */,
				E4747C532C7A6EE200F97BCE /* Release */,
			);
			defaultConfigurationIsVisible = 0;
			defaultConfigurationName = Release;
		};
/* End XCConfigurationList section */
	};
	rootObject = E4747C1F2C7A6EE100F97BCE /* Project object */;
}
